{
  "name": "gb.automation.smoketests.api.poc",
  "version": "1.0.0",
  "lockfileVersion": 3,
  "requires": true,
  "packages": {
    "": {
      "name": "gb.automation.smoketests.api.poc",
      "version": "1.0.0",
      "license": "ISC"
    },
    "_API_TESTING_GHERKIN_/DEMOAPP001_TYPESCRIPT_CYPRESS": {
      "name": "demoapp001_typescript_cypress",
      "version": "1.0.0",
      "extraneous": true,
      "hasInstallScript": true,
      "license": "ISC",
      "dependencies": {
        "@types/js-yaml": "^4.0.9",
        "body-parser": "^1.20.3",
        "chai": "^6.2.0",
        "date-fns": "^4.1.0",
        "express": "^4.21.0",
        "js-yaml": "^4.1.0",
        "swagger-jsdoc": "^6.2.8",
        "swagger-ui-express": "^5.0.1",
        "tokenparser-api-shared": "file:../../packages/tokenparser-api-shared"
      },
      "devDependencies": {
        "@badeball/cypress-cucumber-preprocessor": "^20.1.2",
        "@bahmutov/cypress-esbuild-preprocessor": "^2.2.3",
        "@types/chai": "^5.2.3",
        "@types/express": "^4.17.21",
        "@types/node": "^22.5.5",
        "@types/swagger-jsdoc": "^6.0.4",
        "@types/swagger-ui-express": "^4.1.6",
        "@typescript-eslint/eslint-plugin": "^8.3.0",
        "@typescript-eslint/parser": "^8.3.0",
        "cypress": "^13.17.0",
        "eslint": "^8.57.0",
        "eslint-config-prettier": "^9.1.0",
        "eslint-plugin-cypress": "^3.4.0",
        "prettier": "^3.3.3",
        "ts-node": "^10.9.2",
        "tsx": "^4.19.0",
        "typescript": "^5.6.2"
      }
    },
    "_API_TESTING_GHERKIN_/DEMOAPP003_TYPESCRIPT_PLAYWRIGHT": {
      "name": "demoapp003_typescript_playwright",
      "version": "1.0.0",
      "extraneous": true,
      "license": "ISC",
      "dependencies": {
        "@cucumber/cucumber": "^11.0.0",
        "@types/js-yaml": "^4.0.9",
        "body-parser": "^1.20.3",
        "date-fns": "^4.1.0",
        "express": "^4.21.0",
        "js-yaml": "^4.1.0",
        "swagger-jsdoc": "^6.2.8",
        "swagger-ui-express": "^5.0.1",
        "tokenparser-api-shared": "file:../../packages/tokenparser-api-shared",
        "zod": "^3.23.8"
      },
      "devDependencies": {
        "@cucumber/pretty-formatter": "^2.4.1",
        "@playwright/test": "^1.48.2",
        "@types/express": "^4.17.21",
        "@types/node": "^22.5.5",
        "@types/swagger-jsdoc": "^6.0.4",
        "@types/swagger-ui-express": "^4.1.6",
        "@typescript-eslint/eslint-plugin": "^8.3.0",
        "@typescript-eslint/parser": "^8.3.0",
        "eslint": "^8.57.0",
        "eslint-config-prettier": "^9.1.0",
        "prettier": "^3.3.3",
        "ts-node": "^10.9.2",
        "tsx": "^4.19.0",
        "typescript": "^5.6.2"
      }
    },
    "packages/tokenparser-api-shared": {
      "version": "1.0.0",
      "extraneous": true,
      "license": "ISC",
      "dependencies": {
        "body-parser": "^1.20.3",
        "date-fns": "^4.1.0",
        "express": "^4.21.0",
        "js-yaml": "^4.1.0",
        "swagger-jsdoc": "^6.2.8",
        "swagger-ui-express": "^5.0.1"
      },
      "devDependencies": {
        "@types/body-parser": "^1.19.5",
        "@types/express": "^4.17.21",
        "@types/js-yaml": "^4.0.9",
        "@types/node": "^22.5.5",
        "@types/swagger-jsdoc": "^6.0.4",
        "@types/swagger-ui-express": "^4.1.6",
        "typescript": "^5.6.2"
      }
    }
  }
}
