
Microsoft Visual Studio Solution File, Format Version 12.00
# Visual Studio Version 17
VisualStudioVersion = 17.11.35312.102
MinimumVisualStudioVersion = 10.0.40219.1
Project("{9A19103F-16F7-4668-BE54-9A1E7A4F7556}") = "TokenParserAPI", ".\TokenParserAPI\TokenParserAPI.csproj", "{5A4985C5-2E24-465A-BE0F-60AD18599DC6}"
EndProject
Project("{9A19103F-16F7-4668-BE54-9A1E7A4F7556}") = "TokenParserTests", ".\TokenParserTests\TokenParserTests.csproj", "{84231F63-4E78-4189-9F22-3C7E9159AE63}"
EndProject
Global
	GlobalSection(SolutionConfigurationPlatforms) = preSolution
		Debug|Any CPU = Debug|Any CPU
		Release|Any CPU = Release|Any CPU
	EndGlobalSection
	GlobalSection(ProjectConfigurationPlatforms) = postSolution
		{5A4985C5-2E24-465A-BE0F-60AD18599DC6}.Debug|Any CPU.ActiveCfg = Debug|Any CPU
		{5A4985C5-2E24-465A-BE0F-60AD18599DC6}.Debug|Any CPU.Build.0 = Debug|Any CPU
		{5A4985C5-2E24-465A-BE0F-60AD18599DC6}.Release|Any CPU.ActiveCfg = Release|Any CPU
		{5A4985C5-2E24-465A-BE0F-60AD18599DC6}.Release|Any CPU.Build.0 = Release|Any CPU
		{84231F63-4E78-4189-9F22-3C7E9159AE63}.Debug|Any CPU.ActiveCfg = Debug|Any CPU
		{84231F63-4E78-4189-9F22-3C7E9159AE63}.Debug|Any CPU.Build.0 = Debug|Any CPU
		{84231F63-4E78-4189-9F22-3C7E9159AE63}.Release|Any CPU.ActiveCfg = Release|Any CPU
		{84231F63-4E78-4189-9F22-3C7E9159AE63}.Release|Any CPU.Build.0 = Release|Any CPU
	EndGlobalSection
	GlobalSection(SolutionProperties) = preSolution
		HideSolutionNode = FALSE
	EndGlobalSection
	GlobalSection(ExtensibilityGlobals) = postSolution
		SolutionGuid = {4E480778-DA64-4678-A146-0699D57DEEBE}
	EndGlobalSection
EndGlobal
